{
  "lockfile_version": "1",
  "packages": {
    "cargo-audit@latest": {
      "last_modified": "2026-05-21T08:15:18Z",
      "resolved": "github:NixOS/nixpkgs/4a29d733e8a7d5b824c3d8c958a946a9867b3eb2#cargo-audit",
      "source": "devbox-search",
      "version": "0.22.1",
      "systems": {
        "aarch64-darwin": {
          "outputs": [
            {
              "name": "out",
              "path": "/nix/store/snwkga2f5gyf404h7mmp9wriwxb8v65f-cargo-audit-0.22.1",
              "default": true
            }
          ],
          "store_path": "/nix/store/snwkga2f5gyf404h7mmp9wriwxb8v65f-cargo-audit-0.22.1"
        },
        "aarch64-linux": {
          "outputs": [
            {
              "name": "out",
              "path": "/nix/store/9rxbrn9aa2r1z96186s69pc7vzizyfch-cargo-audit-0.22.1",
              "default": true
            }
          ],
          "store_path": "/nix/store/9rxbrn9aa2r1z96186s69pc7vzizyfch-cargo-audit-0.22.1"
        },
        "x86_64-darwin": {
          "outputs": [
            {
              "name": "out",
              "path": "/nix/store/3pbdnj6x364wzy0pa050d47il13fp85y-cargo-audit-0.22.1",
              "default": true
            }
          ],
          "store_path": "/nix/store/3pbdnj6x364wzy0pa050d47il13fp85y-cargo-audit-0.22.1"
        },
        "x86_64-linux": {
          "outputs": [
            {
              "name": "out",
              "path": "/nix/store/2w9if868piw98xz057sz97jnjvf7hnvf-cargo-audit-0.22.1",
              "default": true
            }
          ],
          "store_path": "/nix/store/2w9if868piw98xz057sz97jnjvf7hnvf-cargo-audit-0.22.1"
        }
      }
    },
    "cargo-deny@latest": {
      "last_modified": "2026-06-05T19:07:58Z",
      "resolved": "github:NixOS/nixpkgs/891eaa77f0eed53352194677991bd30978f9b0ad#cargo-deny",
      "source": "devbox-search",
      "version": "0.19.8",
      "systems": {
        "aarch64-darwin": {
          "outputs": [
            {
              "name": "out",
              "path": "/nix/store/cd2b794nw31w8fxhidbz869inlwk08pk-cargo-deny-0.19.8",
              "default": true
            }
          ],
          "store_path": "/nix/store/cd2b794nw31w8fxhidbz869inlwk08pk-cargo-deny-0.19.8"
        },
        "aarch64-linux": {
          "outputs": [
            {
              "name": "out",
              "path": "/nix/store/lslzcq9hbgq0dm47wfff8p1yq4faxwxx-cargo-deny-0.19.8",
              "default": true
            }
          ],
          "store_path": "/nix/store/lslzcq9hbgq0dm47wfff8p1yq4faxwxx-cargo-deny-0.19.8"
        },
        "x86_64-darwin": {
          "outputs": [
            {
              "name": "out",
              "path": "/nix/store/0i9blbqnf6h40sfs60ya508069r1nzka-cargo-deny-0.19.8",
              "default": true
            }
          ],
          "store_path": "/nix/store/0i9blbqnf6h40sfs60ya508069r1nzka-cargo-deny-0.19.8"
        },
        "x86_64-linux": {
          "outputs": [
            {
              "name": "out",
              "path": "/nix/store/rzw1iawi5fgcwy334l7anvzr09jx2vpp-cargo-deny-0.19.8",
              "default": true
            }
          ],
          "store_path": "/nix/store/rzw1iawi5fgcwy334l7anvzr09jx2vpp-cargo-deny-0.19.8"
        }
      }
    },
    "github:NixOS/nixpkgs/nixpkgs-unstable": {
      "last_modified": "2026-05-29T05:01:12Z",
      "resolved": "github:NixOS/nixpkgs/e9a7635a57597d9754eccebdfc7045e6c8600e6b?lastModified=1780030872&narHash=sha256-u6WU%2Fyd%2Fo8iYQrHX3RAwO1hYa3LkoSL%2BWNQD0rJfJZQ%3D"
    },
    "gitleaks@8.28": {
      "last_modified": "2025-11-28T17:56:46Z",
      "resolved": "github:NixOS/nixpkgs/24e915b36ca87d32777d766da3a3f4e3ce22cc98#gitleaks",
      "source": "devbox-search",
      "version": "8.28.0",
      "systems": {
        "aarch64-darwin": {
          "outputs": [
            {
              "name": "out",
              "path": "/nix/store/jc09x0hkd36csbanlm5a6bvb3rhbkqg9-gitleaks-8.28.0",
              "default": true
            }
          ],
          "store_path": "/nix/store/jc09x0hkd36csbanlm5a6bvb3rhbkqg9-gitleaks-8.28.0"
        },
        "aarch64-linux": {
          "outputs": [
            {
              "name": "out",
              "path": "/nix/store/j079zlibdsddskwir1fhfzz3pjmi2xcj-gitleaks-8.28.0",
              "default": true
            }
          ],
          "store_path": "/nix/store/j079zlibdsddskwir1fhfzz3pjmi2xcj-gitleaks-8.28.0"
        },
        "x86_64-darwin": {
          "outputs": [
            {
              "name": "out",
              "path": "/nix/store/hv6d268p3i4cgqhfsk5gv8sbyysbangz-gitleaks-8.28.0",
              "default": true
            }
          ],
          "store_path": "/nix/store/hv6d268p3i4cgqhfsk5gv8sbyysbangz-gitleaks-8.28.0"
        },
        "x86_64-linux": {
          "outputs": [
            {
              "name": "out",
              "path": "/nix/store/c6mdpnpy8q29sdjxggl3wdypby583bb0-gitleaks-8.28.0",
              "default": true
            }
          ],
          "store_path": "/nix/store/c6mdpnpy8q29sdjxggl3wdypby583bb0-gitleaks-8.28.0"
        }
      }
    },
    "just@1.51": {
      "last_modified": "2026-05-21T08:15:18Z",
      "resolved": "github:NixOS/nixpkgs/4a29d733e8a7d5b824c3d8c958a946a9867b3eb2#just",
      "source": "devbox-search",
      "version": "1.51.0",
      "systems": {
        "aarch64-darwin": {
          "outputs": [
            {
              "name": "out",
              "path": "/nix/store/18ml04rix1526kmcv5fcir6n7cb8lxyf-just-1.51.0",
              "default": true
            },
            {
              "name": "man",
              "path": "/nix/store/48iac05gjz4kjpx605hcgn95an8ary9q-just-1.51.0-man",
              "default": true
            },
            {
              "name": "doc",
              "path": "/nix/store/d0n7b7xd2miyja6m2nlzc2szj0gqzgxb-just-1.51.0-doc"
            }
          ],
          "store_path": "/nix/store/18ml04rix1526kmcv5fcir6n7cb8lxyf-just-1.51.0"
        },
        "aarch64-linux": {
          "outputs": [
            {
              "name": "out",
              "path": "/nix/store/6q8i59br2gzxnqax4dz3g1fmkwp2mfs2-just-1.51.0",
              "default": true
            },
            {
              "name": "man",
              "path": "/nix/store/8ygmlmpxmggc2wqbkz1yhf7fz5nwg084-just-1.51.0-man",
              "default": true
            },
            {
              "name": "doc",
              "path": "/nix/store/ppj3c78k6x3bql77f3mgrjjrxb2jjc0q-just-1.51.0-doc"
            }
          ],
          "store_path": "/nix/store/6q8i59br2gzxnqax4dz3g1fmkwp2mfs2-just-1.51.0"
        },
        "x86_64-darwin": {
          "outputs": [
            {
              "name": "out",
              "path": "/nix/store/7ppiil9ycr565vqgbc18x4rpgbfgcnzy-just-1.51.0",
              "default": true
            },
            {
              "name": "man",
              "path": "/nix/store/144wqvh3s441y05xvzn8m16rhcqbki7d-just-1.51.0-man",
              "default": true
            },
            {
              "name": "doc",
              "path": "/nix/store/x5g644hwbjdlij9w37gwgg1z1h4b6qqk-just-1.51.0-doc"
            }
          ],
          "store_path": "/nix/store/7ppiil9ycr565vqgbc18x4rpgbfgcnzy-just-1.51.0"
        },
        "x86_64-linux": {
          "outputs": [
            {
              "name": "out",
              "path": "/nix/store/3j32zmchv9wd60qng1mm04yj07wf04i8-just-1.51.0",
              "default": true
            },
            {
              "name": "man",
              "path": "/nix/store/p04vig0h2hj7hg5vgd74n5nphlcy23l8-just-1.51.0-man",
              "default": true
            },
            {
              "name": "doc",
              "path": "/nix/store/r800x8xppg70s00hw3h6x9cxpd6nh06y-just-1.51.0-doc"
            }
          ],
          "store_path": "/nix/store/3j32zmchv9wd60qng1mm04yj07wf04i8-just-1.51.0"
        }
      }
    },
    "lychee@0.23": {
      "last_modified": "2026-04-23T13:07:47Z",
      "resolved": "github:NixOS/nixpkgs/01fbdeef22b76df85ea168fbfe1bfd9e63681b30#lychee",
      "source": "devbox-search",
      "version": "0.23.0",
      "systems": {
        "aarch64-darwin": {
          "outputs": [
            {
              "name": "out",
              "path": "/nix/store/7qlgib6d86x9a43ym9f215jmnhvpsmid-lychee-0.23.0",
              "default": true
            }
          ],
          "store_path": "/nix/store/7qlgib6d86x9a43ym9f215jmnhvpsmid-lychee-0.23.0"
        },
        "aarch64-linux": {
          "outputs": [
            {
              "name": "out",
              "path": "/nix/store/jnx0ibmd6gg5rnh0zpmqnk4j2d8kibc4-lychee-0.23.0",
              "default": true
            }
          ],
          "store_path": "/nix/store/jnx0ibmd6gg5rnh0zpmqnk4j2d8kibc4-lychee-0.23.0"
        },
        "x86_64-darwin": {
          "outputs": [
            {
              "name": "out",
              "path": "/nix/store/lz873w8qcsf4s72llq7706z26c1jyplz-lychee-0.23.0",
              "default": true
            }
          ],
          "store_path": "/nix/store/lz873w8qcsf4s72llq7706z26c1jyplz-lychee-0.23.0"
        },
        "x86_64-linux": {
          "outputs": [
            {
              "name": "out",
              "path": "/nix/store/jpnrp5n1q9x80sp1pqr0w96fr458jcli-lychee-0.23.0",
              "default": true
            }
          ],
          "store_path": "/nix/store/jpnrp5n1q9x80sp1pqr0w96fr458jcli-lychee-0.23.0"
        }
      }
    },
    "markdownlint-cli2@0.21": {
      "last_modified": "2026-05-21T08:15:18Z",
      "resolved": "github:NixOS/nixpkgs/4a29d733e8a7d5b824c3d8c958a946a9867b3eb2#markdownlint-cli2",
      "source": "devbox-search",
      "version": "0.21.0",
      "systems": {
        "aarch64-darwin": {
          "outputs": [
            {
              "name": "out",
              "path": "/nix/store/5lgjl77s2wj8jdd1pb0ymaj8ii03wk2c-markdownlint-cli2-0.21.0",
              "default": true
            }
          ],
          "store_path": "/nix/store/5lgjl77s2wj8jdd1pb0ymaj8ii03wk2c-markdownlint-cli2-0.21.0"
        },
        "aarch64-linux": {
          "outputs": [
            {
              "name": "out",
              "path": "/nix/store/dwanbdfwzq5pry4brn8vlrl8dxn9jiml-markdownlint-cli2-0.21.0",
              "default": true
            }
          ],
          "store_path": "/nix/store/dwanbdfwzq5pry4brn8vlrl8dxn9jiml-markdownlint-cli2-0.21.0"
        },
        "x86_64-darwin": {
          "outputs": [
            {
              "name": "out",
              "path": "/nix/store/88fczhx8rv1gc1iy1ax56n7r6wkryalh-markdownlint-cli2-0.21.0",
              "default": true
            }
          ],
          "store_path": "/nix/store/88fczhx8rv1gc1iy1ax56n7r6wkryalh-markdownlint-cli2-0.21.0"
        },
        "x86_64-linux": {
          "outputs": [
            {
              "name": "out",
              "path": "/nix/store/dnpp3hka3lgg13wbwbi325wyapwzkr0v-markdownlint-cli2-0.21.0",
              "default": true
            }
          ],
          "store_path": "/nix/store/dnpp3hka3lgg13wbwbi325wyapwzkr0v-markdownlint-cli2-0.21.0"
        }
      }
    },
    "maturin@1": {
      "last_modified": "2026-05-21T08:15:18Z",
      "resolved": "github:NixOS/nixpkgs/4a29d733e8a7d5b824c3d8c958a946a9867b3eb2#maturin",
      "source": "devbox-search",
      "version": "1.12.6",
      "systems": {
        "aarch64-darwin": {
          "outputs": [
            {
              "name": "out",
              "path": "/nix/store/9k16702ra8y4m1mhw9cywcisv1pq3ggv-maturin-1.12.6",
              "default": true
            }
          ],
          "store_path": "/nix/store/9k16702ra8y4m1mhw9cywcisv1pq3ggv-maturin-1.12.6"
        },
        "aarch64-linux": {
          "outputs": [
            {
              "name": "out",
              "path": "/nix/store/j6nlygd1mcmyn9xz74gghz4qxsad02bs-maturin-1.12.6",
              "default": true
            }
          ],
          "store_path": "/nix/store/j6nlygd1mcmyn9xz74gghz4qxsad02bs-maturin-1.12.6"
        },
        "x86_64-darwin": {
          "outputs": [
            {
              "name": "out",
              "path": "/nix/store/am65wbiky6kj9l87j2xdyg7n2a0d5isl-maturin-1.12.6",
              "default": true
            }
          ],
          "store_path": "/nix/store/am65wbiky6kj9l87j2xdyg7n2a0d5isl-maturin-1.12.6"
        },
        "x86_64-linux": {
          "outputs": [
            {
              "name": "out",
              "path": "/nix/store/4aa9fivzgnkm0s4z5lsd880xqng5azi5-maturin-1.12.6",
              "default": true
            }
          ],
          "store_path": "/nix/store/4aa9fivzgnkm0s4z5lsd880xqng5azi5-maturin-1.12.6"
        }
      }
    },
    "nodejs@24": {
      "last_modified": "2025-12-27T12:56:01Z",
      "plugin_version": "0.0.3",
      "resolved": "github:NixOS/nixpkgs/3edc4a30ed3903fdf6f90c837f961fa6b49582d1#nodejs_24",
      "source": "devbox-search",
      "version": "24.12.0",
      "systems": {
        "aarch64-darwin": {
          "outputs": [
            {
              "name": "out",
              "path": "/nix/store/b1h0af3yb3z9jz048phclcqw6ihiww67-nodejs-24.12.0",
              "default": true
            },
            {
              "name": "dev",
              "path": "/nix/store/ksn4nj0nbp0ikmh4scy9x4biqqdswwhy-nodejs-24.12.0-dev"
            },
            {
              "name": "libv8",
              "path": "/nix/store/3x72bm7l30ib7l7cximrp0sklcq8jqwy-nodejs-24.12.0-libv8"
            }
          ],
          "store_path": "/nix/store/b1h0af3yb3z9jz048phclcqw6ihiww67-nodejs-24.12.0"
        },
        "aarch64-linux": {
          "outputs": [
            {
              "name": "out",
              "path": "/nix/store/9jfsyhcr9c6rpm94lrkibv75jkggvwss-nodejs-24.12.0",
              "default": true
            },
            {
              "name": "dev",
              "path": "/nix/store/7izhv9x1yvsmyrhmmyps6bxjjclajm80-nodejs-24.12.0-dev"
            },
            {
              "name": "libv8",
              "path": "/nix/store/8hl74pnc1qyz68rg10ixw7fz32hcxqkk-nodejs-24.12.0-libv8"
            }
          ],
          "store_path": "/nix/store/9jfsyhcr9c6rpm94lrkibv75jkggvwss-nodejs-24.12.0"
        },
        "x86_64-darwin": {
          "outputs": [
            {
              "name": "out",
              "path": "/nix/store/cj1243xswxvnwgifyiyg8axhn0r2vl48-nodejs-24.12.0",
              "default": true
            },
            {
              "name": "dev",
              "path": "/nix/store/kzia3rkaf9vwpn3py23q9v49jpjm6zx7-nodejs-24.12.0-dev"
            },
            {
              "name": "libv8",
              "path": "/nix/store/xszji81xj7ghjhz7jk0jkhb84nfwyd8f-nodejs-24.12.0-libv8"
            }
          ],
          "store_path": "/nix/store/cj1243xswxvnwgifyiyg8axhn0r2vl48-nodejs-24.12.0"
        },
        "x86_64-linux": {
          "outputs": [
            {
              "name": "out",
              "path": "/nix/store/9z1v3wyrxp6fpyzw21lcakd5w7aknzyc-nodejs-24.12.0",
              "default": true
            },
            {
              "name": "libv8",
              "path": "/nix/store/5yvx909wlis13qd2y1ahwl7ij21ma69a-nodejs-24.12.0-libv8"
            },
            {
              "name": "dev",
              "path": "/nix/store/7ll99p08gmpg0n048669p80zjibl5akr-nodejs-24.12.0-dev"
            }
          ],
          "store_path": "/nix/store/9z1v3wyrxp6fpyzw21lcakd5w7aknzyc-nodejs-24.12.0"
        }
      }
    },
    "pnpm@10.20": {
      "last_modified": "2025-10-30T18:40:41Z",
      "resolved": "github:NixOS/nixpkgs/45ebaee5d90bab997812235564af4cf5107bde89#pnpm",
      "source": "devbox-search",
      "version": "10.20.0",
      "systems": {
        "aarch64-darwin": {
          "outputs": [
            {
              "name": "out",
              "path": "/nix/store/zxr2z04s11vsmdx5ybdnyld2kllvlq61-pnpm-10.20.0",
              "default": true
            }
          ],
          "store_path": "/nix/store/zxr2z04s11vsmdx5ybdnyld2kllvlq61-pnpm-10.20.0"
        },
        "aarch64-linux": {
          "outputs": [
            {
              "name": "out",
              "path": "/nix/store/n16klspqw8n1zlgfmjy8nh861d3mfqn4-pnpm-10.20.0",
              "default": true
            }
          ],
          "store_path": "/nix/store/n16klspqw8n1zlgfmjy8nh861d3mfqn4-pnpm-10.20.0"
        },
        "x86_64-darwin": {
          "outputs": [
            {
              "name": "out",
              "path": "/nix/store/hcapz1vmdymmxk35z564jsmskvdphpp1-pnpm-10.20.0",
              "default": true
            }
          ],
          "store_path": "/nix/store/hcapz1vmdymmxk35z564jsmskvdphpp1-pnpm-10.20.0"
        },
        "x86_64-linux": {
          "outputs": [
            {
              "name": "out",
              "path": "/nix/store/1bwlymbmhvc5qhvc4jnry443jizqrm20-pnpm-10.20.0",
              "default": true
            }
          ],
          "store_path": "/nix/store/1bwlymbmhvc5qhvc4jnry443jizqrm20-pnpm-10.20.0"
        }
      }
    },
    "python@3.12": {
      "last_modified": "2026-05-21T08:15:18Z",
      "plugin_version": "0.0.4",
      "resolved": "github:NixOS/nixpkgs/4a29d733e8a7d5b824c3d8c958a946a9867b3eb2#python312",
      "source": "devbox-search",
      "version": "3.12.13",
      "systems": {
        "aarch64-darwin": {
          "outputs": [
            {
              "name": "out",
              "path": "/nix/store/p1b85dd3syy1yx8q039m1c6v2x2l4w0a-python3-3.12.13",
              "default": true
            }
          ],
          "store_path": "/nix/store/p1b85dd3syy1yx8q039m1c6v2x2l4w0a-python3-3.12.13"
        },
        "aarch64-linux": {
          "outputs": [
            {
              "name": "out",
              "path": "/nix/store/hvmbr5s05b0kzalrdvk53k1nvms9fws7-python3-3.12.13",
              "default": true
            },
            {
              "name": "debug",
              "path": "/nix/store/59b6ynipns38i2d974mwpvkzgyldhw0y-python3-3.12.13-debug"
            }
          ],
          "store_path": "/nix/store/hvmbr5s05b0kzalrdvk53k1nvms9fws7-python3-3.12.13"
        },
        "x86_64-darwin": {
          "outputs": [
            {
              "name": "out",
              "path": "/nix/store/zsi2pspagafyx1mi64g6mbf2aj2dxmci-python3-3.12.13",
              "default": true
            }
          ],
          "store_path": "/nix/store/zsi2pspagafyx1mi64g6mbf2aj2dxmci-python3-3.12.13"
        },
        "x86_64-linux": {
          "outputs": [
            {
              "name": "out",
              "path": "/nix/store/lpgczl8hqnjlkicsphcylqfgds7dqc13-python3-3.12.13",
              "default": true
            },
            {
              "name": "debug",
              "path": "/nix/store/3vpaljklkxfb4kpzigwci6ls78a2wbw1-python3-3.12.13-debug"
            }
          ],
          "store_path": "/nix/store/lpgczl8hqnjlkicsphcylqfgds7dqc13-python3-3.12.13"
        }
      }
    },
    "ripgrep@15.1": {
      "last_modified": "2026-06-13T05:27:44Z",
      "resolved": "github:NixOS/nixpkgs/5a722a7155bfc9fbe657f28d26b71860d95324bc#ripgrep",
      "source": "devbox-search",
      "version": "15.1.0",
      "systems": {
        "aarch64-darwin": {
          "outputs": [
            {
              "name": "out",
              "path": "/nix/store/1ghai27rqjsa3avyz895yv2hskpslz5d-ripgrep-15.1.0",
              "default": true
            }
          ],
          "store_path": "/nix/store/1ghai27rqjsa3avyz895yv2hskpslz5d-ripgrep-15.1.0"
        },
        "aarch64-linux": {
          "outputs": [
            {
              "name": "out",
              "path": "/nix/store/q8diaci9n2w99wa4c5vvh599a1bqckr1-ripgrep-15.1.0",
              "default": true
            }
          ],
          "store_path": "/nix/store/q8diaci9n2w99wa4c5vvh599a1bqckr1-ripgrep-15.1.0"
        },
        "x86_64-darwin": {
          "outputs": [
            {
              "name": "out",
              "path": "/nix/store/awcw6xygd9qb53glxyrf58yc4vx0aq6s-ripgrep-15.1.0",
              "default": true
            }
          ],
          "store_path": "/nix/store/awcw6xygd9qb53glxyrf58yc4vx0aq6s-ripgrep-15.1.0"
        },
        "x86_64-linux": {
          "outputs": [
            {
              "name": "out",
              "path": "/nix/store/gxcm97c2a4sdnnabigp8mns7y1g5llnd-ripgrep-15.1.0",
              "default": true
            }
          ],
          "store_path": "/nix/store/gxcm97c2a4sdnnabigp8mns7y1g5llnd-ripgrep-15.1.0"
        }
      }
    },
    "rustup@1.28.2": {
      "last_modified": "2026-03-21T07:29:51Z",
      "plugin_version": "0.0.1",
      "resolved": "github:NixOS/nixpkgs/09061f748ee21f68a089cd5d91ec1859cd93d0be#rustup",
      "source": "devbox-search",
      "version": "1.28.2",
      "systems": {
        "aarch64-darwin": {
          "outputs": [
            {
              "name": "out",
              "path": "/nix/store/z151hcfq4djwzmxxfdiy5cih1nly05aq-rustup-1.28.2",
              "default": true
            }
          ],
          "store_path": "/nix/store/z151hcfq4djwzmxxfdiy5cih1nly05aq-rustup-1.28.2"
        },
        "aarch64-linux": {
          "outputs": [
            {
              "name": "out",
              "path": "/nix/store/l1bgj6d6p3n9868n91vhb8fvzj3l0n69-rustup-1.28.2",
              "default": true
            }
          ],
          "store_path": "/nix/store/l1bgj6d6p3n9868n91vhb8fvzj3l0n69-rustup-1.28.2"
        },
        "x86_64-darwin": {
          "outputs": [
            {
              "name": "out",
              "path": "/nix/store/3rczx3p8ayxam5xp1h1jpq3cwwrzpak4-rustup-1.28.2",
              "default": true
            }
          ],
          "store_path": "/nix/store/3rczx3p8ayxam5xp1h1jpq3cwwrzpak4-rustup-1.28.2"
        },
        "x86_64-linux": {
          "outputs": [
            {
              "name": "out",
              "path": "/nix/store/8bwaqs52z4830qljdx989b86lqjq5ah3-rustup-1.28.2",
              "default": true
            }
          ],
          "store_path": "/nix/store/8bwaqs52z4830qljdx989b86lqjq5ah3-rustup-1.28.2"
        }
      }
    },
    "uv@0.9": {
      "last_modified": "2026-02-06T12:24:04Z",
      "resolved": "github:NixOS/nixpkgs/ae67888ff7ef9dff69b3cf0cc0fbfbcd3a722abe#uv",
      "source": "devbox-search",
      "version": "0.9.30",
      "systems": {
        "aarch64-darwin": {
          "outputs": [
            {
              "name": "out",
              "path": "/nix/store/nbfljnh83rajlxq6c67h7x4z6j684sm1-uv-0.9.30",
              "default": true
            }
          ],
          "store_path": "/nix/store/nbfljnh83rajlxq6c67h7x4z6j684sm1-uv-0.9.30"
        },
        "aarch64-linux": {
          "outputs": [
            {
              "name": "out",
              "path": "/nix/store/6mms7wdm4idyii2cxnsv9w58krq5jmzl-uv-0.9.30",
              "default": true
            }
          ],
          "store_path": "/nix/store/6mms7wdm4idyii2cxnsv9w58krq5jmzl-uv-0.9.30"
        },
        "x86_64-darwin": {
          "outputs": [
            {
              "name": "out",
              "path": "/nix/store/8d9yfpn4vabzi19mf38kqrfj2173r8v7-uv-0.9.30",
              "default": true
            }
          ],
          "store_path": "/nix/store/8d9yfpn4vabzi19mf38kqrfj2173r8v7-uv-0.9.30"
        },
        "x86_64-linux": {
          "outputs": [
            {
              "name": "out",
              "path": "/nix/store/4lz53nhbgq90zns1a9anmhaxsz2bhqxs-uv-0.9.30",
              "default": true
            }
          ],
          "store_path": "/nix/store/4lz53nhbgq90zns1a9anmhaxsz2bhqxs-uv-0.9.30"
        }
      }
    }
  }
}
