{
  "lockfile_version": "1",
  "packages": {
    "cargo-audit@latest": {
      "last_modified": "2026-06-27T07:37:20Z",
      "resolved": "github:NixOS/nixpkgs/3d46470bb3030020f7e1361f33514854f5bfa86d#cargo-audit",
      "source": "devbox-search",
      "version": "0.22.1",
      "systems": {
        "aarch64-darwin": {
          "outputs": [
            {
              "name": "out",
              "path": "/nix/store/2vgxmgw6rr3vsq4qc9q5qcckz9pqi378-cargo-audit-0.22.1",
              "default": true
            }
          ],
          "store_path": "/nix/store/2vgxmgw6rr3vsq4qc9q5qcckz9pqi378-cargo-audit-0.22.1"
        },
        "aarch64-linux": {
          "outputs": [
            {
              "name": "out",
              "path": "/nix/store/3mpw7276f3kbmml30v18q6rcrr67pyxy-cargo-audit-0.22.1",
              "default": true
            }
          ],
          "store_path": "/nix/store/3mpw7276f3kbmml30v18q6rcrr67pyxy-cargo-audit-0.22.1"
        },
        "x86_64-darwin": {
          "outputs": [
            {
              "name": "out",
              "path": "/nix/store/zf76y0n0bj1in1rksidkwpiz9csb99rq-cargo-audit-0.22.1",
              "default": true
            }
          ],
          "store_path": "/nix/store/zf76y0n0bj1in1rksidkwpiz9csb99rq-cargo-audit-0.22.1"
        },
        "x86_64-linux": {
          "outputs": [
            {
              "name": "out",
              "path": "/nix/store/dy599qysnyx1nli4fygdgg1l1l4pdipb-cargo-audit-0.22.1",
              "default": true
            }
          ],
          "store_path": "/nix/store/dy599qysnyx1nli4fygdgg1l1l4pdipb-cargo-audit-0.22.1"
        }
      }
    },
    "cargo-deny@latest": {
      "last_modified": "2026-06-27T07:37:20Z",
      "resolved": "github:NixOS/nixpkgs/3d46470bb3030020f7e1361f33514854f5bfa86d#cargo-deny",
      "source": "devbox-search",
      "version": "0.19.9",
      "systems": {
        "aarch64-darwin": {
          "outputs": [
            {
              "name": "out",
              "path": "/nix/store/v99rw4r3b5lsryldx99qz3xzmgj74gdr-cargo-deny-0.19.9",
              "default": true
            }
          ],
          "store_path": "/nix/store/v99rw4r3b5lsryldx99qz3xzmgj74gdr-cargo-deny-0.19.9"
        },
        "aarch64-linux": {
          "outputs": [
            {
              "name": "out",
              "path": "/nix/store/zgc1xb8r55abc3chi7sgavhwz5hws2sn-cargo-deny-0.19.9",
              "default": true
            }
          ],
          "store_path": "/nix/store/zgc1xb8r55abc3chi7sgavhwz5hws2sn-cargo-deny-0.19.9"
        },
        "x86_64-darwin": {
          "outputs": [
            {
              "name": "out",
              "path": "/nix/store/n2ckarrlhk6379in8b2dnlxlw63b4j4s-cargo-deny-0.19.9",
              "default": true
            }
          ],
          "store_path": "/nix/store/n2ckarrlhk6379in8b2dnlxlw63b4j4s-cargo-deny-0.19.9"
        },
        "x86_64-linux": {
          "outputs": [
            {
              "name": "out",
              "path": "/nix/store/gn38ql74svbl5ggl8iicl8rw15kzqgx0-cargo-deny-0.19.9",
              "default": true
            }
          ],
          "store_path": "/nix/store/gn38ql74svbl5ggl8iicl8rw15kzqgx0-cargo-deny-0.19.9"
        }
      }
    },
    "dotnet-sdk_10@10.0": {
      "last_modified": "2026-06-27T07:37:20Z",
      "resolved": "github:NixOS/nixpkgs/3d46470bb3030020f7e1361f33514854f5bfa86d#dotnet-sdk_10",
      "source": "devbox-search",
      "version": "10.0.301",
      "systems": {
        "aarch64-darwin": {
          "outputs": [
            {
              "name": "out",
              "path": "/nix/store/hpzffy1rjgg4kl33yg0c8irygyd50rq1-dotnet-sdk-wrapped-10.0.301",
              "default": true
            },
            {
              "name": "man",
              "path": "/nix/store/n026fy5znywksb0ipqhy7j2vndzdnnh5-dotnet-sdk-wrapped-10.0.301-man",
              "default": true
            }
          ],
          "store_path": "/nix/store/hpzffy1rjgg4kl33yg0c8irygyd50rq1-dotnet-sdk-wrapped-10.0.301"
        },
        "aarch64-linux": {
          "outputs": [
            {
              "name": "out",
              "path": "/nix/store/4670wa1b53fqm2m72n73nv1cbi8gh4hk-dotnet-sdk-wrapped-10.0.301",
              "default": true
            },
            {
              "name": "man",
              "path": "/nix/store/bqbf3baa72bslgwld8nzh0f34sd1vn8s-dotnet-sdk-wrapped-10.0.301-man",
              "default": true
            }
          ],
          "store_path": "/nix/store/4670wa1b53fqm2m72n73nv1cbi8gh4hk-dotnet-sdk-wrapped-10.0.301"
        },
        "x86_64-darwin": {
          "outputs": [
            {
              "name": "out",
              "path": "/nix/store/wqmmma3pxwbfj9mndcb0ds79xcpfrbjf-dotnet-sdk-wrapped-10.0.301",
              "default": true
            }
          ],
          "store_path": "/nix/store/wqmmma3pxwbfj9mndcb0ds79xcpfrbjf-dotnet-sdk-wrapped-10.0.301"
        },
        "x86_64-linux": {
          "outputs": [
            {
              "name": "out",
              "path": "/nix/store/cdldmk30ppwi3k4vv1prawwnf9whn1h1-dotnet-sdk-wrapped-10.0.301",
              "default": true
            },
            {
              "name": "man",
              "path": "/nix/store/jc1znsh5gqmrpafk1l4gl6v3kw2wj1mm-dotnet-sdk-wrapped-10.0.301-man",
              "default": true
            }
          ],
          "store_path": "/nix/store/cdldmk30ppwi3k4vv1prawwnf9whn1h1-dotnet-sdk-wrapped-10.0.301"
        }
      }
    },
    "github:NixOS/nixpkgs/nixpkgs-unstable": {
      "last_modified": "2026-06-23T00:43:55Z",
      "resolved": "github:NixOS/nixpkgs/89570f24e97e614aa34aa9ab1c927b6578a43775?lastModified=1782175435&narHash=sha256-EMzXKmnOtBQ2MnvpiNOm7E%2BkOMvdPrIKaeg52Tip2Uk%3D"
    },
    "gitleaks@8.28": {
      "last_modified": "2025-11-28T17:56:46Z",
      "resolved": "github:NixOS/nixpkgs/24e915b36ca87d32777d766da3a3f4e3ce22cc98#gitleaks",
      "source": "devbox-search",
      "version": "8.28.0",
      "systems": {
        "aarch64-darwin": {
          "outputs": [
            {
              "name": "out",
              "path": "/nix/store/jc09x0hkd36csbanlm5a6bvb3rhbkqg9-gitleaks-8.28.0",
              "default": true
            }
          ],
          "store_path": "/nix/store/jc09x0hkd36csbanlm5a6bvb3rhbkqg9-gitleaks-8.28.0"
        },
        "aarch64-linux": {
          "outputs": [
            {
              "name": "out",
              "path": "/nix/store/j079zlibdsddskwir1fhfzz3pjmi2xcj-gitleaks-8.28.0",
              "default": true
            }
          ],
          "store_path": "/nix/store/j079zlibdsddskwir1fhfzz3pjmi2xcj-gitleaks-8.28.0"
        },
        "x86_64-darwin": {
          "outputs": [
            {
              "name": "out",
              "path": "/nix/store/hv6d268p3i4cgqhfsk5gv8sbyysbangz-gitleaks-8.28.0",
              "default": true
            }
          ],
          "store_path": "/nix/store/hv6d268p3i4cgqhfsk5gv8sbyysbangz-gitleaks-8.28.0"
        },
        "x86_64-linux": {
          "outputs": [
            {
              "name": "out",
              "path": "/nix/store/c6mdpnpy8q29sdjxggl3wdypby583bb0-gitleaks-8.28.0",
              "default": true
            }
          ],
          "store_path": "/nix/store/c6mdpnpy8q29sdjxggl3wdypby583bb0-gitleaks-8.28.0"
        }
      }
    },
    "go@1.26": {
      "last_modified": "2026-06-27T07:37:20Z",
      "resolved": "github:NixOS/nixpkgs/3d46470bb3030020f7e1361f33514854f5bfa86d#go",
      "source": "devbox-search",
      "version": "1.26.4",
      "systems": {
        "aarch64-darwin": {
          "outputs": [
            {
              "name": "out",
              "path": "/nix/store/kyai650rrywrzflnwda9mbk2c2j9w68r-go-1.26.4",
              "default": true
            }
          ],
          "store_path": "/nix/store/kyai650rrywrzflnwda9mbk2c2j9w68r-go-1.26.4"
        },
        "aarch64-linux": {
          "outputs": [
            {
              "name": "out",
              "path": "/nix/store/lgcj27hrbanbc93xm9zdrldds7b1jrw8-go-1.26.4",
              "default": true
            }
          ],
          "store_path": "/nix/store/lgcj27hrbanbc93xm9zdrldds7b1jrw8-go-1.26.4"
        },
        "x86_64-darwin": {
          "outputs": [
            {
              "name": "out",
              "path": "/nix/store/h0z6ghmi3cihlbm163d72xs9p9nn04a1-go-1.26.4",
              "default": true
            }
          ],
          "store_path": "/nix/store/h0z6ghmi3cihlbm163d72xs9p9nn04a1-go-1.26.4"
        },
        "x86_64-linux": {
          "outputs": [
            {
              "name": "out",
              "path": "/nix/store/gb0njhqswlc5n127ikgyikvq39r40l6f-go-1.26.4",
              "default": true
            }
          ],
          "store_path": "/nix/store/gb0njhqswlc5n127ikgyikvq39r40l6f-go-1.26.4"
        }
      }
    },
    "gofumpt@0.10": {
      "last_modified": "2026-06-27T07:37:20Z",
      "resolved": "github:NixOS/nixpkgs/3d46470bb3030020f7e1361f33514854f5bfa86d#gofumpt",
      "source": "devbox-search",
      "version": "0.10.0",
      "systems": {
        "aarch64-darwin": {
          "outputs": [
            {
              "name": "out",
              "path": "/nix/store/jg59w4mwfzf7mjgv8dxwijal4f30mzwz-gofumpt-0.10.0",
              "default": true
            }
          ],
          "store_path": "/nix/store/jg59w4mwfzf7mjgv8dxwijal4f30mzwz-gofumpt-0.10.0"
        },
        "aarch64-linux": {
          "outputs": [
            {
              "name": "out",
              "path": "/nix/store/fy6p65j59nfjzbwz4899drzkavxydqhj-gofumpt-0.10.0",
              "default": true
            }
          ],
          "store_path": "/nix/store/fy6p65j59nfjzbwz4899drzkavxydqhj-gofumpt-0.10.0"
        },
        "x86_64-darwin": {
          "outputs": [
            {
              "name": "out",
              "path": "/nix/store/gm7fv070sm5xjivk676wg0gy6q87jd2w-gofumpt-0.10.0",
              "default": true
            }
          ],
          "store_path": "/nix/store/gm7fv070sm5xjivk676wg0gy6q87jd2w-gofumpt-0.10.0"
        },
        "x86_64-linux": {
          "outputs": [
            {
              "name": "out",
              "path": "/nix/store/njscsgjf3c410p0ifq6pnba4ack2d6is-gofumpt-0.10.0",
              "default": true
            }
          ],
          "store_path": "/nix/store/njscsgjf3c410p0ifq6pnba4ack2d6is-gofumpt-0.10.0"
        }
      }
    },
    "golangci-lint@2.12": {
      "last_modified": "2026-06-27T07:37:20Z",
      "resolved": "github:NixOS/nixpkgs/3d46470bb3030020f7e1361f33514854f5bfa86d#golangci-lint",
      "source": "devbox-search",
      "version": "2.12.2",
      "systems": {
        "aarch64-darwin": {
          "outputs": [
            {
              "name": "out",
              "path": "/nix/store/q0mwmg8zin7aw87bllirja1bq58mphh6-golangci-lint-2.12.2",
              "default": true
            }
          ],
          "store_path": "/nix/store/q0mwmg8zin7aw87bllirja1bq58mphh6-golangci-lint-2.12.2"
        },
        "aarch64-linux": {
          "outputs": [
            {
              "name": "out",
              "path": "/nix/store/i6f2vzix80whq7z1z1pklzflxk5nbkwd-golangci-lint-2.12.2",
              "default": true
            }
          ],
          "store_path": "/nix/store/i6f2vzix80whq7z1z1pklzflxk5nbkwd-golangci-lint-2.12.2"
        },
        "x86_64-darwin": {
          "outputs": [
            {
              "name": "out",
              "path": "/nix/store/w8c3i6vmxnnj0xixvjsa9lva3rcd2rvs-golangci-lint-2.12.2",
              "default": true
            }
          ],
          "store_path": "/nix/store/w8c3i6vmxnnj0xixvjsa9lva3rcd2rvs-golangci-lint-2.12.2"
        },
        "x86_64-linux": {
          "outputs": [
            {
              "name": "out",
              "path": "/nix/store/1r5xmhis3iq5cn3wfq2jn62yiwsb97sc-golangci-lint-2.12.2",
              "default": true
            }
          ],
          "store_path": "/nix/store/1r5xmhis3iq5cn3wfq2jn62yiwsb97sc-golangci-lint-2.12.2"
        }
      }
    },
    "goreleaser@2.15": {
      "last_modified": "2026-05-21T08:15:18Z",
      "resolved": "github:NixOS/nixpkgs/4a29d733e8a7d5b824c3d8c958a946a9867b3eb2#goreleaser",
      "source": "devbox-search",
      "version": "2.15.4",
      "systems": {
        "aarch64-darwin": {
          "outputs": [
            {
              "name": "out",
              "path": "/nix/store/s1zm0ylfbiwpp4scn6wqb21651xw9mdd-goreleaser-2.15.4",
              "default": true
            }
          ],
          "store_path": "/nix/store/s1zm0ylfbiwpp4scn6wqb21651xw9mdd-goreleaser-2.15.4"
        },
        "aarch64-linux": {
          "outputs": [
            {
              "name": "out",
              "path": "/nix/store/qh2c7d7i9ghgf55l5jynchqq3aldkfc6-goreleaser-2.15.4",
              "default": true
            }
          ],
          "store_path": "/nix/store/qh2c7d7i9ghgf55l5jynchqq3aldkfc6-goreleaser-2.15.4"
        },
        "x86_64-darwin": {
          "outputs": [
            {
              "name": "out",
              "path": "/nix/store/1yka5g36saii3acx8h7m9spylcgssavy-goreleaser-2.15.4",
              "default": true
            }
          ],
          "store_path": "/nix/store/1yka5g36saii3acx8h7m9spylcgssavy-goreleaser-2.15.4"
        },
        "x86_64-linux": {
          "outputs": [
            {
              "name": "out",
              "path": "/nix/store/sxacasd1dx7j8hizi37i1qh6xvmvc7hm-goreleaser-2.15.4",
              "default": true
            }
          ],
          "store_path": "/nix/store/sxacasd1dx7j8hizi37i1qh6xvmvc7hm-goreleaser-2.15.4"
        }
      }
    },
    "just@1.51": {
      "last_modified": "2026-05-21T08:15:18Z",
      "resolved": "github:NixOS/nixpkgs/4a29d733e8a7d5b824c3d8c958a946a9867b3eb2#just",
      "source": "devbox-search",
      "version": "1.51.0",
      "systems": {
        "aarch64-darwin": {
          "outputs": [
            {
              "name": "out",
              "path": "/nix/store/18ml04rix1526kmcv5fcir6n7cb8lxyf-just-1.51.0",
              "default": true
            },
            {
              "name": "man",
              "path": "/nix/store/48iac05gjz4kjpx605hcgn95an8ary9q-just-1.51.0-man",
              "default": true
            },
            {
              "name": "doc",
              "path": "/nix/store/d0n7b7xd2miyja6m2nlzc2szj0gqzgxb-just-1.51.0-doc"
            }
          ],
          "store_path": "/nix/store/18ml04rix1526kmcv5fcir6n7cb8lxyf-just-1.51.0"
        },
        "aarch64-linux": {
          "outputs": [
            {
              "name": "out",
              "path": "/nix/store/6q8i59br2gzxnqax4dz3g1fmkwp2mfs2-just-1.51.0",
              "default": true
            },
            {
              "name": "man",
              "path": "/nix/store/8ygmlmpxmggc2wqbkz1yhf7fz5nwg084-just-1.51.0-man",
              "default": true
            },
            {
              "name": "doc",
              "path": "/nix/store/ppj3c78k6x3bql77f3mgrjjrxb2jjc0q-just-1.51.0-doc"
            }
          ],
          "store_path": "/nix/store/6q8i59br2gzxnqax4dz3g1fmkwp2mfs2-just-1.51.0"
        },
        "x86_64-darwin": {
          "outputs": [
            {
              "name": "out",
              "path": "/nix/store/7ppiil9ycr565vqgbc18x4rpgbfgcnzy-just-1.51.0",
              "default": true
            },
            {
              "name": "man",
              "path": "/nix/store/144wqvh3s441y05xvzn8m16rhcqbki7d-just-1.51.0-man",
              "default": true
            },
            {
              "name": "doc",
              "path": "/nix/store/x5g644hwbjdlij9w37gwgg1z1h4b6qqk-just-1.51.0-doc"
            }
          ],
          "store_path": "/nix/store/7ppiil9ycr565vqgbc18x4rpgbfgcnzy-just-1.51.0"
        },
        "x86_64-linux": {
          "outputs": [
            {
              "name": "out",
              "path": "/nix/store/3j32zmchv9wd60qng1mm04yj07wf04i8-just-1.51.0",
              "default": true
            },
            {
              "name": "man",
              "path": "/nix/store/p04vig0h2hj7hg5vgd74n5nphlcy23l8-just-1.51.0-man",
              "default": true
            },
            {
              "name": "doc",
              "path": "/nix/store/r800x8xppg70s00hw3h6x9cxpd6nh06y-just-1.51.0-doc"
            }
          ],
          "store_path": "/nix/store/3j32zmchv9wd60qng1mm04yj07wf04i8-just-1.51.0"
        }
      }
    },
    "lychee@0.23": {
      "last_modified": "2026-04-23T13:07:47Z",
      "resolved": "github:NixOS/nixpkgs/01fbdeef22b76df85ea168fbfe1bfd9e63681b30#lychee",
      "source": "devbox-search",
      "version": "0.23.0",
      "systems": {
        "aarch64-darwin": {
          "outputs": [
            {
              "name": "out",
              "path": "/nix/store/7qlgib6d86x9a43ym9f215jmnhvpsmid-lychee-0.23.0",
              "default": true
            }
          ],
          "store_path": "/nix/store/7qlgib6d86x9a43ym9f215jmnhvpsmid-lychee-0.23.0"
        },
        "aarch64-linux": {
          "outputs": [
            {
              "name": "out",
              "path": "/nix/store/jnx0ibmd6gg5rnh0zpmqnk4j2d8kibc4-lychee-0.23.0",
              "default": true
            }
          ],
          "store_path": "/nix/store/jnx0ibmd6gg5rnh0zpmqnk4j2d8kibc4-lychee-0.23.0"
        },
        "x86_64-darwin": {
          "outputs": [
            {
              "name": "out",
              "path": "/nix/store/lz873w8qcsf4s72llq7706z26c1jyplz-lychee-0.23.0",
              "default": true
            }
          ],
          "store_path": "/nix/store/lz873w8qcsf4s72llq7706z26c1jyplz-lychee-0.23.0"
        },
        "x86_64-linux": {
          "outputs": [
            {
              "name": "out",
              "path": "/nix/store/jpnrp5n1q9x80sp1pqr0w96fr458jcli-lychee-0.23.0",
              "default": true
            }
          ],
          "store_path": "/nix/store/jpnrp5n1q9x80sp1pqr0w96fr458jcli-lychee-0.23.0"
        }
      }
    },
    "markdownlint-cli2@0.21": {
      "last_modified": "2026-05-21T08:15:18Z",
      "resolved": "github:NixOS/nixpkgs/4a29d733e8a7d5b824c3d8c958a946a9867b3eb2#markdownlint-cli2",
      "source": "devbox-search",
      "version": "0.21.0",
      "systems": {
        "aarch64-darwin": {
          "outputs": [
            {
              "name": "out",
              "path": "/nix/store/5lgjl77s2wj8jdd1pb0ymaj8ii03wk2c-markdownlint-cli2-0.21.0",
              "default": true
            }
          ],
          "store_path": "/nix/store/5lgjl77s2wj8jdd1pb0ymaj8ii03wk2c-markdownlint-cli2-0.21.0"
        },
        "aarch64-linux": {
          "outputs": [
            {
              "name": "out",
              "path": "/nix/store/dwanbdfwzq5pry4brn8vlrl8dxn9jiml-markdownlint-cli2-0.21.0",
              "default": true
            }
          ],
          "store_path": "/nix/store/dwanbdfwzq5pry4brn8vlrl8dxn9jiml-markdownlint-cli2-0.21.0"
        },
        "x86_64-darwin": {
          "outputs": [
            {
              "name": "out",
              "path": "/nix/store/88fczhx8rv1gc1iy1ax56n7r6wkryalh-markdownlint-cli2-0.21.0",
              "default": true
            }
          ],
          "store_path": "/nix/store/88fczhx8rv1gc1iy1ax56n7r6wkryalh-markdownlint-cli2-0.21.0"
        },
        "x86_64-linux": {
          "outputs": [
            {
              "name": "out",
              "path": "/nix/store/dnpp3hka3lgg13wbwbi325wyapwzkr0v-markdownlint-cli2-0.21.0",
              "default": true
            }
          ],
          "store_path": "/nix/store/dnpp3hka3lgg13wbwbi325wyapwzkr0v-markdownlint-cli2-0.21.0"
        }
      }
    },
    "maturin@1": {
      "last_modified": "2026-06-27T07:37:20Z",
      "resolved": "github:NixOS/nixpkgs/3d46470bb3030020f7e1361f33514854f5bfa86d#maturin",
      "source": "devbox-search",
      "version": "1.12.6",
      "systems": {
        "aarch64-darwin": {
          "outputs": [
            {
              "name": "out",
              "path": "/nix/store/yv4h8h00kz7dcpz6c5faak9zghhrh040-maturin-1.12.6",
              "default": true
            }
          ],
          "store_path": "/nix/store/yv4h8h00kz7dcpz6c5faak9zghhrh040-maturin-1.12.6"
        },
        "aarch64-linux": {
          "outputs": [
            {
              "name": "out",
              "path": "/nix/store/43fv5m890myfzbhxsd0qgggv2phpqnkd-maturin-1.12.6",
              "default": true
            }
          ],
          "store_path": "/nix/store/43fv5m890myfzbhxsd0qgggv2phpqnkd-maturin-1.12.6"
        },
        "x86_64-darwin": {
          "outputs": [
            {
              "name": "out",
              "path": "/nix/store/2q6wvr71yrh1r8bggxpyz46d43rgr5af-maturin-1.12.6",
              "default": true
            }
          ],
          "store_path": "/nix/store/2q6wvr71yrh1r8bggxpyz46d43rgr5af-maturin-1.12.6"
        },
        "x86_64-linux": {
          "outputs": [
            {
              "name": "out",
              "path": "/nix/store/bxciz41g34zb9ypwj9x4kq3n08d9nkkk-maturin-1.12.6",
              "default": true
            }
          ],
          "store_path": "/nix/store/bxciz41g34zb9ypwj9x4kq3n08d9nkkk-maturin-1.12.6"
        }
      }
    },
    "nodejs@24": {
      "last_modified": "2025-12-27T12:56:01Z",
      "plugin_version": "0.0.4",
      "resolved": "github:NixOS/nixpkgs/3edc4a30ed3903fdf6f90c837f961fa6b49582d1#nodejs_24",
      "source": "devbox-search",
      "version": "24.12.0",
      "systems": {
        "aarch64-darwin": {
          "outputs": [
            {
              "name": "out",
              "path": "/nix/store/b1h0af3yb3z9jz048phclcqw6ihiww67-nodejs-24.12.0",
              "default": true
            },
            {
              "name": "dev",
              "path": "/nix/store/ksn4nj0nbp0ikmh4scy9x4biqqdswwhy-nodejs-24.12.0-dev"
            },
            {
              "name": "libv8",
              "path": "/nix/store/3x72bm7l30ib7l7cximrp0sklcq8jqwy-nodejs-24.12.0-libv8"
            }
          ],
          "store_path": "/nix/store/b1h0af3yb3z9jz048phclcqw6ihiww67-nodejs-24.12.0"
        },
        "aarch64-linux": {
          "outputs": [
            {
              "name": "out",
              "path": "/nix/store/9jfsyhcr9c6rpm94lrkibv75jkggvwss-nodejs-24.12.0",
              "default": true
            },
            {
              "name": "dev",
              "path": "/nix/store/7izhv9x1yvsmyrhmmyps6bxjjclajm80-nodejs-24.12.0-dev"
            },
            {
              "name": "libv8",
              "path": "/nix/store/8hl74pnc1qyz68rg10ixw7fz32hcxqkk-nodejs-24.12.0-libv8"
            }
          ],
          "store_path": "/nix/store/9jfsyhcr9c6rpm94lrkibv75jkggvwss-nodejs-24.12.0"
        },
        "x86_64-darwin": {
          "outputs": [
            {
              "name": "out",
              "path": "/nix/store/cj1243xswxvnwgifyiyg8axhn0r2vl48-nodejs-24.12.0",
              "default": true
            },
            {
              "name": "dev",
              "path": "/nix/store/kzia3rkaf9vwpn3py23q9v49jpjm6zx7-nodejs-24.12.0-dev"
            },
            {
              "name": "libv8",
              "path": "/nix/store/xszji81xj7ghjhz7jk0jkhb84nfwyd8f-nodejs-24.12.0-libv8"
            }
          ],
          "store_path": "/nix/store/cj1243xswxvnwgifyiyg8axhn0r2vl48-nodejs-24.12.0"
        },
        "x86_64-linux": {
          "outputs": [
            {
              "name": "out",
              "path": "/nix/store/9z1v3wyrxp6fpyzw21lcakd5w7aknzyc-nodejs-24.12.0",
              "default": true
            },
            {
              "name": "libv8",
              "path": "/nix/store/5yvx909wlis13qd2y1ahwl7ij21ma69a-nodejs-24.12.0-libv8"
            },
            {
              "name": "dev",
              "path": "/nix/store/7ll99p08gmpg0n048669p80zjibl5akr-nodejs-24.12.0-dev"
            }
          ],
          "store_path": "/nix/store/9z1v3wyrxp6fpyzw21lcakd5w7aknzyc-nodejs-24.12.0"
        }
      }
    },
    "pnpm@10.20": {
      "last_modified": "2025-10-30T18:40:41Z",
      "resolved": "github:NixOS/nixpkgs/45ebaee5d90bab997812235564af4cf5107bde89#pnpm",
      "source": "devbox-search",
      "version": "10.20.0",
      "systems": {
        "aarch64-darwin": {
          "outputs": [
            {
              "name": "out",
              "path": "/nix/store/zxr2z04s11vsmdx5ybdnyld2kllvlq61-pnpm-10.20.0",
              "default": true
            }
          ],
          "store_path": "/nix/store/zxr2z04s11vsmdx5ybdnyld2kllvlq61-pnpm-10.20.0"
        },
        "aarch64-linux": {
          "outputs": [
            {
              "name": "out",
              "path": "/nix/store/n16klspqw8n1zlgfmjy8nh861d3mfqn4-pnpm-10.20.0",
              "default": true
            }
          ],
          "store_path": "/nix/store/n16klspqw8n1zlgfmjy8nh861d3mfqn4-pnpm-10.20.0"
        },
        "x86_64-darwin": {
          "outputs": [
            {
              "name": "out",
              "path": "/nix/store/hcapz1vmdymmxk35z564jsmskvdphpp1-pnpm-10.20.0",
              "default": true
            }
          ],
          "store_path": "/nix/store/hcapz1vmdymmxk35z564jsmskvdphpp1-pnpm-10.20.0"
        },
        "x86_64-linux": {
          "outputs": [
            {
              "name": "out",
              "path": "/nix/store/1bwlymbmhvc5qhvc4jnry443jizqrm20-pnpm-10.20.0",
              "default": true
            }
          ],
          "store_path": "/nix/store/1bwlymbmhvc5qhvc4jnry443jizqrm20-pnpm-10.20.0"
        }
      }
    },
    "python@3.12": {
      "last_modified": "2026-06-27T07:37:20Z",
      "resolved": "github:NixOS/nixpkgs/3d46470bb3030020f7e1361f33514854f5bfa86d#python312",
      "source": "devbox-search",
      "version": "3.12.13",
      "systems": {
        "aarch64-darwin": {
          "outputs": [
            {
              "name": "out",
              "path": "/nix/store/65p6ipj712fb5igr9w1h5k5cb7bymj42-python3-3.12.13",
              "default": true
            }
          ],
          "store_path": "/nix/store/65p6ipj712fb5igr9w1h5k5cb7bymj42-python3-3.12.13"
        },
        "aarch64-linux": {
          "outputs": [
            {
              "name": "out",
              "path": "/nix/store/wicbzqr46qxkh8nv4191fx8jdjrhya3i-python3-3.12.13",
              "default": true
            },
            {
              "name": "debug",
              "path": "/nix/store/flj97zlvj6lz384brw7r5xa8hfmqbp2q-python3-3.12.13-debug"
            }
          ],
          "store_path": "/nix/store/wicbzqr46qxkh8nv4191fx8jdjrhya3i-python3-3.12.13"
        },
        "x86_64-darwin": {
          "outputs": [
            {
              "name": "out",
              "path": "/nix/store/afd3xzw8afbbr1dsqjvb6xg2a5gah4vg-python3-3.12.13",
              "default": true
            }
          ],
          "store_path": "/nix/store/afd3xzw8afbbr1dsqjvb6xg2a5gah4vg-python3-3.12.13"
        },
        "x86_64-linux": {
          "outputs": [
            {
              "name": "out",
              "path": "/nix/store/d69yn2v7lzyh29rykj0ldnih67xps5s0-python3-3.12.13",
              "default": true
            },
            {
              "name": "debug",
              "path": "/nix/store/sk5vgw3w0g8j9x0r261piqjczmgvqbb6-python3-3.12.13-debug"
            }
          ],
          "store_path": "/nix/store/d69yn2v7lzyh29rykj0ldnih67xps5s0-python3-3.12.13"
        }
      }
    },
    "ripgrep@15.1": {
      "last_modified": "2026-06-27T07:37:20Z",
      "resolved": "github:NixOS/nixpkgs/3d46470bb3030020f7e1361f33514854f5bfa86d#ripgrep",
      "source": "devbox-search",
      "version": "15.1.0",
      "systems": {
        "aarch64-darwin": {
          "outputs": [
            {
              "name": "out",
              "path": "/nix/store/h5fzp9vb16p8z3ha51hhx37rqjh4l81z-ripgrep-15.1.0",
              "default": true
            }
          ],
          "store_path": "/nix/store/h5fzp9vb16p8z3ha51hhx37rqjh4l81z-ripgrep-15.1.0"
        },
        "aarch64-linux": {
          "outputs": [
            {
              "name": "out",
              "path": "/nix/store/9rl3qy5akdkgmcsh6c5f2wy3x8cky4w0-ripgrep-15.1.0",
              "default": true
            }
          ],
          "store_path": "/nix/store/9rl3qy5akdkgmcsh6c5f2wy3x8cky4w0-ripgrep-15.1.0"
        },
        "x86_64-darwin": {
          "outputs": [
            {
              "name": "out",
              "path": "/nix/store/anpnnwglxciyg2brq503b2amkdq1wfw8-ripgrep-15.1.0",
              "default": true
            }
          ],
          "store_path": "/nix/store/anpnnwglxciyg2brq503b2amkdq1wfw8-ripgrep-15.1.0"
        },
        "x86_64-linux": {
          "outputs": [
            {
              "name": "out",
              "path": "/nix/store/4w7fshi3jlwjxsij52q4yyl4sfxvfl92-ripgrep-15.1.0",
              "default": true
            }
          ],
          "store_path": "/nix/store/4w7fshi3jlwjxsij52q4yyl4sfxvfl92-ripgrep-15.1.0"
        }
      }
    },
    "rustup@1.28.2": {
      "last_modified": "2026-03-21T07:29:51Z",
      "plugin_version": "0.0.1",
      "resolved": "github:NixOS/nixpkgs/09061f748ee21f68a089cd5d91ec1859cd93d0be#rustup",
      "source": "devbox-search",
      "version": "1.28.2",
      "systems": {
        "aarch64-darwin": {
          "outputs": [
            {
              "name": "out",
              "path": "/nix/store/z151hcfq4djwzmxxfdiy5cih1nly05aq-rustup-1.28.2",
              "default": true
            }
          ],
          "store_path": "/nix/store/z151hcfq4djwzmxxfdiy5cih1nly05aq-rustup-1.28.2"
        },
        "aarch64-linux": {
          "outputs": [
            {
              "name": "out",
              "path": "/nix/store/l1bgj6d6p3n9868n91vhb8fvzj3l0n69-rustup-1.28.2",
              "default": true
            }
          ],
          "store_path": "/nix/store/l1bgj6d6p3n9868n91vhb8fvzj3l0n69-rustup-1.28.2"
        },
        "x86_64-darwin": {
          "outputs": [
            {
              "name": "out",
              "path": "/nix/store/3rczx3p8ayxam5xp1h1jpq3cwwrzpak4-rustup-1.28.2",
              "default": true
            }
          ],
          "store_path": "/nix/store/3rczx3p8ayxam5xp1h1jpq3cwwrzpak4-rustup-1.28.2"
        },
        "x86_64-linux": {
          "outputs": [
            {
              "name": "out",
              "path": "/nix/store/8bwaqs52z4830qljdx989b86lqjq5ah3-rustup-1.28.2",
              "default": true
            }
          ],
          "store_path": "/nix/store/8bwaqs52z4830qljdx989b86lqjq5ah3-rustup-1.28.2"
        }
      }
    },
    "syft@1.18": {
      "last_modified": "2025-01-19T08:16:51Z",
      "resolved": "github:NixOS/nixpkgs/50165c4f7eb48ce82bd063e1fb8047a0f515f8ce#syft",
      "source": "devbox-search",
      "version": "1.18.1",
      "systems": {
        "aarch64-darwin": {
          "outputs": [
            {
              "name": "out",
              "path": "/nix/store/xamygdfa14dr9wahwsyxg66ylinbpfw2-syft-1.18.1",
              "default": true
            }
          ],
          "store_path": "/nix/store/xamygdfa14dr9wahwsyxg66ylinbpfw2-syft-1.18.1"
        },
        "aarch64-linux": {
          "outputs": [
            {
              "name": "out",
              "path": "/nix/store/n2mdmcsjqzayfz91z6xldmzaacihin7r-syft-1.18.1",
              "default": true
            }
          ],
          "store_path": "/nix/store/n2mdmcsjqzayfz91z6xldmzaacihin7r-syft-1.18.1"
        },
        "x86_64-darwin": {
          "outputs": [
            {
              "name": "out",
              "path": "/nix/store/fpr6h83hvlrn4y8djdsx61s94yqm8qg7-syft-1.18.1",
              "default": true
            }
          ],
          "store_path": "/nix/store/fpr6h83hvlrn4y8djdsx61s94yqm8qg7-syft-1.18.1"
        },
        "x86_64-linux": {
          "outputs": [
            {
              "name": "out",
              "path": "/nix/store/clj3n96l8scx84w45f7yrp943f81avvb-syft-1.18.1",
              "default": true
            }
          ],
          "store_path": "/nix/store/clj3n96l8scx84w45f7yrp943f81avvb-syft-1.18.1"
        }
      }
    },
    "uv@0.9": {
      "last_modified": "2026-02-06T12:24:04Z",
      "resolved": "github:NixOS/nixpkgs/ae67888ff7ef9dff69b3cf0cc0fbfbcd3a722abe#uv",
      "source": "devbox-search",
      "version": "0.9.30",
      "systems": {
        "aarch64-darwin": {
          "outputs": [
            {
              "name": "out",
              "path": "/nix/store/nbfljnh83rajlxq6c67h7x4z6j684sm1-uv-0.9.30",
              "default": true
            }
          ],
          "store_path": "/nix/store/nbfljnh83rajlxq6c67h7x4z6j684sm1-uv-0.9.30"
        },
        "aarch64-linux": {
          "outputs": [
            {
              "name": "out",
              "path": "/nix/store/6mms7wdm4idyii2cxnsv9w58krq5jmzl-uv-0.9.30",
              "default": true
            }
          ],
          "store_path": "/nix/store/6mms7wdm4idyii2cxnsv9w58krq5jmzl-uv-0.9.30"
        },
        "x86_64-darwin": {
          "outputs": [
            {
              "name": "out",
              "path": "/nix/store/8d9yfpn4vabzi19mf38kqrfj2173r8v7-uv-0.9.30",
              "default": true
            }
          ],
          "store_path": "/nix/store/8d9yfpn4vabzi19mf38kqrfj2173r8v7-uv-0.9.30"
        },
        "x86_64-linux": {
          "outputs": [
            {
              "name": "out",
              "path": "/nix/store/4lz53nhbgq90zns1a9anmhaxsz2bhqxs-uv-0.9.30",
              "default": true
            }
          ],
          "store_path": "/nix/store/4lz53nhbgq90zns1a9anmhaxsz2bhqxs-uv-0.9.30"
        }
      }
    }
  }
}
